
Microsoft Visual Studio Solution File, Format Version 12.00
# Visual Studio Version 17
VisualStudioVersion = 17.11.35312.102
MinimumVisualStudioVersion = 10.0.40219.1
Project("{FAE04EC0-301F-11D3-BF4B-00C04F79EFBC}") = "Sqlite", "Sqlite\Sqlite.csproj", "{D65F210A-8C63-4BFB-B441-FF6C921439A3}"
EndProject
Global
	GlobalSection(SolutionConfigurationPlatforms) = preSolution
		Debug|Any CPU = Debug|Any CPU
		Release|Any CPU = Release|Any CPU
	EndGlobalSection
	GlobalSection(ProjectConfigurationPlatforms) = postSolution
		{D65F210A-8C63-4BFB-B441-FF6C921439A3}.Debug|Any CPU.ActiveCfg = Debug|Any CPU
		{D65F210A-8C63-4BFB-B441-FF6C921439A3}.Debug|Any CPU.Build.0 = Debug|Any CPU
		{D65F210A-8C63-4BFB-B441-FF6C921439A3}.Release|Any CPU.ActiveCfg = Release|Any CPU
		{D65F210A-8C63-4BFB-B441-FF6C921439A3}.Release|Any CPU.Build.0 = Release|Any CPU
	EndGlobalSection
	GlobalSection(SolutionProperties) = preSolution
		HideSolutionNode = FALSE
	EndGlobalSection
	GlobalSection(ExtensibilityGlobals) = postSolution
		SolutionGuid = {D0FA4A55-27EB-4B45-8BE3-9CE41DBDD30B}
	EndGlobalSection
EndGlobal
